
Microsoft Visual Studio Solution File, Format Version 12.00
# Visual Studio Version 17
VisualStudioVersion = 17.11.35327.3
MinimumVisualStudioVersion = 10.0.40219.1
Project("{8BC9CEB8-8B4A-11D0-8D11-00A0C91BC942}") = "Lab1Task1", "Lab1Task1\Lab1Task1.vcxproj", "{35178F4E-85A8-48FB-891E-E275F81712CB}"
EndProject
Project("{8BC9CEB8-8B4A-11D0-8D11-00A0C91BC942}") = "Lab1Task2", "Lab1Task2\Lab1Task2.vcxproj", "{BE961505-D3CE-4C90-B4C6-DFD80B957A5E}"
EndProject
Project("{8BC9CEB8-8B4A-11D0-8D11-00A0C91BC942}") = "Lab1Task3", "Lab1Task3\Lab1Task3.vcxproj", "{DDBA7E09-20D9-478A-9312-3C45C4AF394D}"
EndProject
Project("{8BC9CEB8-8B4A-11D0-8D11-00A0C91BC942}") = "Lab2", "Lab2\Lab2.vcxproj", "{CC3EB067-5401-4422-8340-13F0E22DE5A3}"
EndProject
Project("{8BC9CEB8-8B4A-11D0-8D11-00A0C91BC942}") = "Lab3", "Lab3Task1\Lab3Task1.vcxproj", "{91D0F907-1A28-4DD6-BB45-349A520AECE4}"
EndProject
Project("{8BC9CEB8-8B4A-11D0-8D11-00A0C91BC942}") = "Lab4Task1", "Lab4Task1\Lab4Task1.vcxproj", "{9EAAA57B-4C19-4C23-ACD5-669FBDD6B85B}"
EndProject
Project("{8BC9CEB8-8B4A-11D0-8D11-00A0C91BC942}") = "Lab4Task2", "Lab4Task2\Lab4Task2.vcxproj", "{0A194634-E5E4-49E6-9291-DE459833A68E}"
EndProject
Project("{8BC9CEB8-8B4A-11D0-8D11-00A0C91BC942}") = "Lab5Task1", "Lab5Task1\Lab5Task1.vcxproj", "{001175F1-A75A-47CE-9FBB-DB627B6A2F6F}"
EndProject
Project("{8BC9CEB8-8B4A-11D0-8D11-00A0C91BC942}") = "Lab5Task2", "Lab5Task2\Lab5Task2.vcxproj", "{B82B6138-6E88-4569-80C4-0A2A7C7F27B9}"
EndProject
Global
	GlobalSection(SolutionConfigurationPlatforms) = preSolution
		Debug|x64 = Debug|x64
		Debug|x86 = Debug|x86
		Release|x64 = Release|x64
		Release|x86 = Release|x86
	EndGlobalSection
	GlobalSection(ProjectConfigurationPlatforms) = postSolution
		{35178F4E-85A8-48FB-891E-E275F81712CB}.Debug|x64.ActiveCfg = Debug|x64
		{35178F4E-85A8-48FB-891E-E275F81712CB}.Debug|x64.Build.0 = Debug|x64
		{35178F4E-85A8-48FB-891E-E275F81712CB}.Debug|x86.ActiveCfg = Debug|Win32
		{35178F4E-85A8-48FB-891E-E275F81712CB}.Debug|x86.Build.0 = Debug|Win32
		{35178F4E-85A8-48FB-891E-E275F81712CB}.Release|x64.ActiveCfg = Release|x64
		{35178F4E-85A8-48FB-891E-E275F81712CB}.Release|x64.Build.0 = Release|x64
		{35178F4E-85A8-48FB-891E-E275F81712CB}.Release|x86.ActiveCfg = Release|Win32
		{35178F4E-85A8-48FB-891E-E275F81712CB}.Release|x86.Build.0 = Release|Win32
		{BE961505-D3CE-4C90-B4C6-DFD80B957A5E}.Debug|x64.ActiveCfg = Debug|x64
		{BE961505-D3CE-4C90-B4C6-DFD80B957A5E}.Debug|x64.Build.0 = Debug|x64
		{BE961505-D3CE-4C90-B4C6-DFD80B957A5E}.Debug|x86.ActiveCfg = Debug|Win32
		{BE961505-D3CE-4C90-B4C6-DFD80B957A5E}.Debug|x86.Build.0 = Debug|Win32
		{BE961505-D3CE-4C90-B4C6-DFD80B957A5E}.Release|x64.ActiveCfg = Release|x64
		{BE961505-D3CE-4C90-B4C6-DFD80B957A5E}.Release|x64.Build.0 = Release|x64
		{BE961505-D3CE-4C90-B4C6-DFD80B957A5E}.Release|x86.ActiveCfg = Release|Win32
		{BE961505-D3CE-4C90-B4C6-DFD80B957A5E}.Release|x86.Build.0 = Release|Win32
		{DDBA7E09-20D9-478A-9312-3C45C4AF394D}.Debug|x64.ActiveCfg = Debug|x64
		{DDBA7E09-20D9-478A-9312-3C45C4AF394D}.Debug|x64.Build.0 = Debug|x64
		{DDBA7E09-20D9-478A-9312-3C45C4AF394D}.Debug|x86.ActiveCfg = Debug|Win32
		{DDBA7E09-20D9-478A-9312-3C45C4AF394D}.Debug|x86.Build.0 = Debug|Win32
		{DDBA7E09-20D9-478A-9312-3C45C4AF394D}.Release|x64.ActiveCfg = Release|x64
		{DDBA7E09-20D9-478A-9312-3C45C4AF394D}.Release|x64.Build.0 = Release|x64
		{DDBA7E09-20D9-478A-9312-3C45C4AF394D}.Release|x86.ActiveCfg = Release|Win32
		{DDBA7E09-20D9-478A-9312-3C45C4AF394D}.Release|x86.Build.0 = Release|Win32
		{CC3EB067-5401-4422-8340-13F0E22DE5A3}.Debug|x64.ActiveCfg = Debug|x64
		{CC3EB067-5401-4422-8340-13F0E22DE5A3}.Debug|x64.Build.0 = Debug|x64
		{CC3EB067-5401-4422-8340-13F0E22DE5A3}.Debug|x86.ActiveCfg = Debug|Win32
		{CC3EB067-5401-4422-8340-13F0E22DE5A3}.Debug|x86.Build.0 = Debug|Win32
		{CC3EB067-5401-4422-8340-13F0E22DE5A3}.Release|x64.ActiveCfg = Release|x64
		{CC3EB067-5401-4422-8340-13F0E22DE5A3}.Release|x64.Build.0 = Release|x64
		{CC3EB067-5401-4422-8340-13F0E22DE5A3}.Release|x86.ActiveCfg = Release|Win32
		{CC3EB067-5401-4422-8340-13F0E22DE5A3}.Release|x86.Build.0 = Release|Win32
		{91D0F907-1A28-4DD6-BB45-349A520AECE4}.Debug|x64.ActiveCfg = Debug|x64
		{91D0F907-1A28-4DD6-BB45-349A520AECE4}.Debug|x64.Build.0 = Debug|x64
		{91D0F907-1A28-4DD6-BB45-349A520AECE4}.Debug|x86.ActiveCfg = Debug|Win32
		{91D0F907-1A28-4DD6-BB45-349A520AECE4}.Debug|x86.Build.0 = Debug|Win32
		{91D0F907-1A28-4DD6-BB45-349A520AECE4}.Release|x64.ActiveCfg = Release|x64
		{91D0F907-1A28-4DD6-BB45-349A520AECE4}.Release|x64.Build.0 = Release|x64
		{91D0F907-1A28-4DD6-BB45-349A520AECE4}.Release|x86.ActiveCfg = Release|Win32
		{91D0F907-1A28-4DD6-BB45-349A520AECE4}.Release|x86.Build.0 = Release|Win32
		{9EAAA57B-4C19-4C23-ACD5-669FBDD6B85B}.Debug|x64.ActiveCfg = Debug|x64
		{9EAAA57B-4C19-4C23-ACD5-669FBDD6B85B}.Debug|x64.Build.0 = Debug|x64
		{9EAAA57B-4C19-4C23-ACD5-669FBDD6B85B}.Debug|x86.ActiveCfg = Debug|Win32
		{9EAAA57B-4C19-4C23-ACD5-669FBDD6B85B}.Debug|x86.Build.0 = Debug|Win32
		{9EAAA57B-4C19-4C23-ACD5-669FBDD6B85B}.Release|x64.ActiveCfg = Release|x64
		{9EAAA57B-4C19-4C23-ACD5-669FBDD6B85B}.Release|x64.Build.0 = Release|x64
		{9EAAA57B-4C19-4C23-ACD5-669FBDD6B85B}.Release|x86.ActiveCfg = Release|Win32
		{9EAAA57B-4C19-4C23-ACD5-669FBDD6B85B}.Release|x86.Build.0 = Release|Win32
		{0A194634-E5E4-49E6-9291-DE459833A68E}.Debug|x64.ActiveCfg = Debug|x64
		{0A194634-E5E4-49E6-9291-DE459833A68E}.Debug|x64.Build.0 = Debug|x64
		{0A194634-E5E4-49E6-9291-DE459833A68E}.Debug|x86.ActiveCfg = Debug|Win32
		{0A194634-E5E4-49E6-9291-DE459833A68E}.Debug|x86.Build.0 = Debug|Win32
		{0A194634-E5E4-49E6-9291-DE459833A68E}.Release|x64.ActiveCfg = Release|x64
		{0A194634-E5E4-49E6-9291-DE459833A68E}.Release|x64.Build.0 = Release|x64
		{0A194634-E5E4-49E6-9291-DE459833A68E}.Release|x86.ActiveCfg = Release|Win32
		{0A194634-E5E4-49E6-9291-DE459833A68E}.Release|x86.Build.0 = Release|Win32
		{001175F1-A75A-47CE-9FBB-DB627B6A2F6F}.Debug|x64.ActiveCfg = Debug|x64
		{001175F1-A75A-47CE-9FBB-DB627B6A2F6F}.Debug|x64.Build.0 = Debug|x64
		{001175F1-A75A-47CE-9FBB-DB627B6A2F6F}.Debug|x86.ActiveCfg = Debug|Win32
		{001175F1-A75A-47CE-9FBB-DB627B6A2F6F}.Debug|x86.Build.0 = Debug|Win32
		{001175F1-A75A-47CE-9FBB-DB627B6A2F6F}.Release|x64.ActiveCfg = Release|x64
		{001175F1-A75A-47CE-9FBB-DB627B6A2F6F}.Release|x64.Build.0 = Release|x64
		{001175F1-A75A-47CE-9FBB-DB627B6A2F6F}.Release|x86.ActiveCfg = Release|Win32
		{001175F1-A75A-47CE-9FBB-DB627B6A2F6F}.Release|x86.Build.0 = Release|Win32
		{B82B6138-6E88-4569-80C4-0A2A7C7F27B9}.Debug|x64.ActiveCfg = Debug|x64
		{B82B6138-6E88-4569-80C4-0A2A7C7F27B9}.Debug|x64.Build.0 = Debug|x64
		{B82B6138-6E88-4569-80C4-0A2A7C7F27B9}.Debug|x86.ActiveCfg = Debug|Win32
		{B82B6138-6E88-4569-80C4-0A2A7C7F27B9}.Debug|x86.Build.0 = Debug|Win32
		{B82B6138-6E88-4569-80C4-0A2A7C7F27B9}.Release|x64.ActiveCfg = Release|x64
		{B82B6138-6E88-4569-80C4-0A2A7C7F27B9}.Release|x64.Build.0 = Release|x64
		{B82B6138-6E88-4569-80C4-0A2A7C7F27B9}.Release|x86.ActiveCfg = Release|Win32
		{B82B6138-6E88-4569-80C4-0A2A7C7F27B9}.Release|x86.Build.0 = Release|Win32
	EndGlobalSection
	GlobalSection(SolutionProperties) = preSolution
		HideSolutionNode = FALSE
	EndGlobalSection
	GlobalSection(ExtensibilityGlobals) = postSolution
		SolutionGuid = {95791024-E18E-4626-8ECB-972A65C97669}
	EndGlobalSection
EndGlobal
